// !$*UTF8*$!
{
	archiveVersion = 1;
	classes = {
	};
	objectVersion = 50;
	objects = {

/* Begin PBXBuildFile section */
		517D67CB25A1F5D700AD2CEB /* AppDelegate.m in Sources */ = {isa = PBXBuildFile; fileRef = 517D67CA25A1F5D700AD2CEB /* AppDelegate.m */; };
		517D67CE25A1F5D700AD2CEB /* SceneDelegate.m in Sources */ = {isa = PBXBuildFile; fileRef = 517D67CD25A1F5D700AD2CEB /* SceneDelegate.m */; };
		517D67D425A1F5D700AD2CEB /* Main.storyboard in Resources */ = {isa = PBXBuildFile; fileRef = 517D67D225A1F5D700AD2CEB /* Main.storyboard */; };
		517D67D625A1F5D700AD2CEB /* Assets.xcassets in Resources */ = {isa = PBXBuildFile; fileRef = 517D67D525A1F5D700AD2CEB /* Assets.xcassets */; };
		517D67D925A1F5D700AD2CEB /* LaunchScreen.storyboard in Resources */ = {isa = PBXBuildFile; fileRef = 517D67D725A1F5D700AD2CEB /* LaunchScreen.storyboard */; };
		517D67DC25A1F5D700AD2CEB /* main.m in Sources */ = {isa = PBXBuildFile; fileRef = 517D67DB25A1F5D700AD2CEB /* main.m */; };
		517D67E525A2405400AD2CEB /* HGPermenantThread.m in Sources */ = {isa = PBXBuildFile; fileRef = 517D67E425A2405400AD2CEB /* HGPermenantThread.m */; };
		517D67E825A240A000AD2CEB /* UIResponder+Event.m in Sources */ = {isa = PBXBuildFile; fileRef = 517D67E725A240A000AD2CEB /* UIResponder+Event.m */; };
		517D67EB25A240ED00AD2CEB /* DevController.m in Sources */ = {isa = PBXBuildFile; fileRef = 517D67EA25A240ED00AD2CEB /* DevController.m */; };
/* End PBXBuildFile section */

/* Begin PBXFileReference section */
		517D67C625A1F5D700AD2CEB /* HGRunloop.app */ = {isa = PBXFileReference; explicitFileType = wrapper.application; includeInIndex = 0; path = HGRunloop.app; sourceTree = BUILT_PRODUCTS_DIR; };
		517D67C925A1F5D700AD2CEB /* AppDelegate.h */ = {isa = PBXFileReference; lastKnownFileType = sourcecode.c.h; path = AppDelegate.h; sourceTree = "<group>"; };
		517D67CA25A1F5D700AD2CEB /* AppDelegate.m */ = {isa = PBXFileReference; lastKnownFileType = sourcecode.c.objc; path = AppDelegate.m; sourceTree = "<group>"; };
		517D67CC25A1F5D700AD2CEB /* SceneDelegate.h */ = {isa = PBXFileReference; lastKnownFileType = sourcecode.c.h; path = SceneDelegate.h; sourceTree = "<group>"; };
		517D67CD25A1F5D700AD2CEB /* SceneDelegate.m */ = {isa = PBXFileReference; lastKnownFileType = sourcecode.c.objc; path = SceneDelegate.m; sourceTree = "<group>"; };
		517D67D325A1F5D700AD2CEB /* Base */ = {isa = PBXFileReference; lastKnownFileType = file.storyboard; name = Base; path = Base.lproj/Main.storyboard; sourceTree = "<group>"; };
		517D67D525A1F5D700AD2CEB /* Assets.xcassets */ = {isa = PBXFileReference; lastKnownFileType = folder.assetcatalog; path = Assets.xcassets; sourceTree = "<group>"; };
		517D67D825A1F5D700AD2CEB /* Base */ = {isa = PBXFileReference; lastKnownFileType = file.storyboard; name = Base; path = Base.lproj/LaunchScreen.storyboard; sourceTree = "<group>"; };
		517D67DA25A1F5D700AD2CEB /* Info.plist */ = {isa = PBXFileReference; lastKnownFileType = text.plist.xml; path = Info.plist; sourceTree = "<group>"; };
		517D67DB25A1F5D700AD2CEB /* main.m */ = {isa = PBXFileReference; lastKnownFileType = sourcecode.c.objc; path = main.m; sourceTree = "<group>"; };
		517D67E325A2405400AD2CEB /* HGPermenantThread.h */ = {isa = PBXFileReference; lastKnownFileType = sourcecode.c.h; path = HGPermenantThread.h; sourceTree = "<group>"; };
		517D67E425A2405400AD2CEB /* HGPermenantThread.m */ = {isa = PBXFileReference; lastKnownFileType = sourcecode.c.objc; path = HGPermenantThread.m; sourceTree = "<group>"; };
		517D67E625A240A000AD2CEB /* UIResponder+Event.h */ = {isa = PBXFileReference; lastKnownFileType = sourcecode.c.h; path = "UIResponder+Event.h"; sourceTree = "<group>"; };
		517D67E725A240A000AD2CEB /* UIResponder+Event.m */ = {isa = PBXFileReference; lastKnownFileType = sourcecode.c.objc; path = "UIResponder+Event.m"; sourceTree = "<group>"; };
		517D67E925A240ED00AD2CEB /* DevController.h */ = {isa = PBXFileReference; lastKnownFileType = sourcecode.c.h; path = DevController.h; sourceTree = "<group>"; };
		517D67EA25A240ED00AD2CEB /* DevController.m */ = {isa = PBXFileReference; lastKnownFileType = sourcecode.c.objc; path = DevController.m; sourceTree = "<group>"; };
/* End PBXFileReference section */

/* Begin PBXFrameworksBuildPhase section */
		517D67C325A1F5D700AD2CEB /* Frameworks */ = {
			isa = PBXFrameworksBuildPhase;
			buildActionMask = 2147483647;
			files = (
			);
			runOnlyForDeploymentPostprocessing = 0;
		};
/* End PBXFrameworksBuildPhase section */

/* Begin PBXGroup section */
		517D67BD25A1F5D700AD2CEB = {
			isa = PBXGroup;
			children = (
				517D67C825A1F5D700AD2CEB /* HGRunloop */,
				517D67C725A1F5D700AD2CEB /* Products */,
			);
			sourceTree = "<group>";
		};
		517D67C725A1F5D700AD2CEB /* Products */ = {
			isa = PBXGroup;
			children = (
				517D67C625A1F5D700AD2CEB /* HGRunloop.app */,
			);
			name = Products;
			sourceTree = "<group>";
		};
		517D67C825A1F5D700AD2CEB /* HGRunloop */ = {
			isa = PBXGroup;
			children = (
				517D67E225A2404400AD2CEB /* classes */,
				517D67C925A1F5D700AD2CEB /* AppDelegate.h */,
				517D67CA25A1F5D700AD2CEB /* AppDelegate.m */,
				517D67CC25A1F5D700AD2CEB /* SceneDelegate.h */,
				517D67CD25A1F5D700AD2CEB /* SceneDelegate.m */,
				517D67D225A1F5D700AD2CEB /* Main.storyboard */,
				517D67D525A1F5D700AD2CEB /* Assets.xcassets */,
				517D67D725A1F5D700AD2CEB /* LaunchScreen.storyboard */,
				517D67DA25A1F5D700AD2CEB /* Info.plist */,
				517D67DB25A1F5D700AD2CEB /* main.m */,
			);
			path = HGRunloop;
			sourceTree = "<group>";
		};
		517D67E225A2404400AD2CEB /* classes */ = {
			isa = PBXGroup;
			children = (
				517D67E325A2405400AD2CEB /* HGPermenantThread.h */,
				517D67E425A2405400AD2CEB /* HGPermenantThread.m */,
				517D67E625A240A000AD2CEB /* UIResponder+Event.h */,
				517D67E725A240A000AD2CEB /* UIResponder+Event.m */,
				517D67E925A240ED00AD2CEB /* DevController.h */,
				517D67EA25A240ED00AD2CEB /* DevController.m */,
			);
			path = classes;
			sourceTree = "<group>";
		};
/* End PBXGroup section */

/* Begin PBXNativeTarget section */
		517D67C525A1F5D700AD2CEB /* HGRunloop */ = {
			isa = PBXNativeTarget;
			buildConfigurationList = 517D67DF25A1F5D700AD2CEB /* Build configuration list for PBXNativeTarget "HGRunloop" */;
			buildPhases = (
				517D67C225A1F5D700AD2CEB /* Sources */,
				517D67C325A1F5D700AD2CEB /* Frameworks */,
				517D67C425A1F5D700AD2CEB /* Resources */,
			);
			buildRules = (
			);
			dependencies = (
			);
			name = HGRunloop;
			productName = HGRunloop;
			productReference = 517D67C625A1F5D700AD2CEB /* HGRunloop.app */;
			productType = "com.apple.product-type.application";
		};
/* End PBXNativeTarget section */

/* Begin PBXProject section */
		517D67BE25A1F5D700AD2CEB /* Project object */ = {
			isa = PBXProject;
			attributes = {
				LastUpgradeCheck = 1120;
				ORGANIZATIONNAME = HG;
				TargetAttributes = {
					517D67C525A1F5D700AD2CEB = {
						CreatedOnToolsVersion = 11.2.1;
					};
				};
			};
			buildConfigurationList = 517D67C125A1F5D700AD2CEB /* Build configuration list for PBXProject "HGRunloop" */;
			compatibilityVersion = "Xcode 9.3";
			developmentRegion = en;
			hasScannedForEncodings = 0;
			knownRegions = (
				en,
				Base,
			);
			mainGroup = 517D67BD25A1F5D700AD2CEB;
			productRefGroup = 517D67C725A1F5D700AD2CEB /* Products */;
			projectDirPath = "";
			projectRoot = "";
			targets = (
				517D67C525A1F5D700AD2CEB /* HGRunloop */,
			);
		};
/* End PBXProject section */

/* Begin PBXResourcesBuildPhase section */
		517D67C425A1F5D700AD2CEB /* Resources */ = {
			isa = PBXResourcesBuildPhase;
			buildActionMask = 2147483647;
			files = (
				517D67D925A1F5D700AD2CEB /* LaunchScreen.storyboard in Resources */,
				517D67D625A1F5D700AD2CEB /* Assets.xcassets in Resources */,
				517D67D425A1F5D700AD2CEB /* Main.storyboard in Resources */,
			);
			runOnlyForDeploymentPostprocessing = 0;
		};
/* End PBXResourcesBuildPhase section */

/* Begin PBXSourcesBuildPhase section */
		517D67C225A1F5D700AD2CEB /* Sources */ = {
			isa = PBXSourcesBuildPhase;
			buildActionMask = 2147483647;
			files = (
				517D67E525A2405400AD2CEB /* HGPermenantThread.m in Sources */,
				517D67EB25A240ED00AD2CEB /* DevController.m in Sources */,
				517D67CB25A1F5D700AD2CEB /* AppDelegate.m in Sources */,
				517D67DC25A1F5D700AD2CEB /* main.m in Sources */,
				517D67CE25A1F5D700AD2CEB /* SceneDelegate.m in Sources */,
				517D67E825A240A000AD2CEB /* UIResponder+Event.m in Sources */,
			);
			runOnlyForDeploymentPostprocessing = 0;
		};
/* End PBXSourcesBuildPhase section */

/* Begin PBXVariantGroup section */
		517D67D225A1F5D700AD2CEB /* Main.storyboard */ = {
			isa = PBXVariantGroup;
			children = (
				517D67D325A1F5D700AD2CEB /* Base */,
			);
			name = Main.storyboard;
			sourceTree = "<group>";
		};
		517D67D725A1F5D700AD2CEB /* LaunchScreen.storyboard */ = {
			isa = PBXVariantGroup;
			children = (
				517D67D825A1F5D700AD2CEB /* Base */,
			);
			name = LaunchScreen.storyboard;
			sourceTree = "<group>";
		};
/* End PBXVariantGroup section */

/* Begin XCBuildConfiguration section */
		517D67DD25A1F5D700AD2CEB /* Debug */ = {
			isa = XCBuildConfiguration;
			buildSettings = {
				ALWAYS_SEARCH_USER_PATHS = NO;
				CLANG_ANALYZER_NONNULL = YES;
				CLANG_ANALYZER_NUMBER_OBJECT_CONVERSION = YES_AGGRESSIVE;
				CLANG_CXX_LANGUAGE_STANDARD = "gnu++14";
				CLANG_CXX_LIBRARY = "libc++";
				CLANG_ENABLE_MODULES = YES;
				CLANG_ENABLE_OBJC_ARC = YES;
				CLANG_ENABLE_OBJC_WEAK = YES;
				CLANG_WARN_BLOCK_CAPTURE_AUTORELEASING = YES;
				CLANG_WARN_BOOL_CONVERSION = YES;
				CLANG_WARN_COMMA = YES;
				CLANG_WARN_CONSTANT_CONVERSION = YES;
				CLANG_WARN_DEPRECATED_OBJC_IMPLEMENTATIONS = YES;
				CLANG_WARN_DIRECT_OBJC_ISA_USAGE = YES_ERROR;
				CLANG_WARN_DOCUMENTATION_COMMENTS = YES;
				CLANG_WARN_EMPTY_BODY = YES;
				CLANG_WARN_ENUM_CONVERSION = YES;
				CLANG_WARN_INFINITE_RECURSION = YES;
				CLANG_WARN_INT_CONVERSION = YES;
				CLANG_WARN_NON_LITERAL_NULL_CONVERSION = YES;
				CLANG_WARN_OBJC_IMPLICIT_RETAIN_SELF = YES;
				CLANG_WARN_OBJC_LITERAL_CONVERSION = YES;
				CLANG_WARN_OBJC_ROOT_CLASS = YES_ERROR;
				CLANG_WARN_RANGE_LOOP_ANALYSIS = YES;
				CLANG_WARN_STRICT_PROTOTYPES = YES;
				CLANG_WARN_SUSPICIOUS_MOVE = YES;
				CLANG_WARN_UNGUARDED_AVAILABILITY = YES_AGGRESSIVE;
				CLANG_WARN_UNREACHABLE_CODE = YES;
				CLANG_WARN__DUPLICATE_METHOD_MATCH = YES;
				COPY_PHASE_STRIP = NO;
				DEBUG_INFORMATION_FORMAT = dwarf;
				ENABLE_STRICT_OBJC_MSGSEND = YES;
				ENABLE_TESTABILITY = YES;
				GCC_C_LANGUAGE_STANDARD = gnu11;
				GCC_DYNAMIC_NO_PIC = NO;
				GCC_NO_COMMON_BLOCKS = YES;
				GCC_OPTIMIZATION_LEVEL = 0;
				GCC_PREPROCESSOR_DEFINITIONS = (
					"DEBUG=1",
					"$(inherited)",
				);
				GCC_WARN_64_TO_32_BIT_CONVERSION = YES;
				GCC_WARN_ABOUT_RETURN_TYPE = YES_ERROR;
				GCC_WARN_UNDECLARED_SELECTOR = YES;
				GCC_WARN_UNINITIALIZED_AUTOS = YES_AGGRESSIVE;
				GCC_WARN_UNUSED_FUNCTION = YES;
				GCC_WARN_UNUSED_VARIABLE = YES;
				IPHONEOS_DEPLOYMENT_TARGET = 13.2;
				MTL_ENABLE_DEBUG_INFO = INCLUDE_SOURCE;
				MTL_FAST_MATH = YES;
				ONLY_ACTIVE_ARCH = YES;
				SDKROOT = iphoneos;
			};
			name = Debug;
		};
		517D67DE25A1F5D700AD2CEB /* Release */ = {
			isa = XCBuildConfiguration;
			buildSettings = {
				ALWAYS_SEARCH_USER_PATHS = NO;
				CLANG_ANALYZER_NONNULL = YES;
				CLANG_ANALYZER_NUMBER_OBJECT_CONVERSION = YES_AGGRESSIVE;
				CLANG_CXX_LANGUAGE_STANDARD = "gnu++14";
				CLANG_CXX_LIBRARY = "libc++";
				CLANG_ENABLE_MODULES = YES;
				CLANG_ENABLE_OBJC_ARC = YES;
				CLANG_ENABLE_OBJC_WEAK = YES;
				CLANG_WARN_BLOCK_CAPTURE_AUTORELEASING = YES;
				CLANG_WARN_BOOL_CONVERSION = YES;
				CLANG_WARN_COMMA = YES;
				CLANG_WARN_CONSTANT_CONVERSION = YES;
				CLANG_WARN_DEPRECATED_OBJC_IMPLEMENTATIONS = YES;
				CLANG_WARN_DIRECT_OBJC_ISA_USAGE = YES_ERROR;
				CLANG_WARN_DOCUMENTATION_COMMENTS = YES;
				CLANG_WARN_EMPTY_BODY = YES;
				CLANG_WARN_ENUM_CONVERSION = YES;
				CLANG_WARN_INFINITE_RECURSION = YES;
				CLANG_WARN_INT_CONVERSION = YES;
				CLANG_WARN_NON_LITERAL_NULL_CONVERSION = YES;
				CLANG_WARN_OBJC_IMPLICIT_RETAIN_SELF = YES;
				CLANG_WARN_OBJC_LITERAL_CONVERSION = YES;
				CLANG_WARN_OBJC_ROOT_CLASS = YES_ERROR;
				CLANG_WARN_RANGE_LOOP_ANALYSIS = YES;
				CLANG_WARN_STRICT_PROTOTYPES = YES;
				CLANG_WARN_SUSPICIOUS_MOVE = YES;
				CLANG_WARN_UNGUARDED_AVAILABILITY = YES_AGGRESSIVE;
				CLANG_WARN_UNREACHABLE_CODE = YES;
				CLANG_WARN__DUPLICATE_METHOD_MATCH = YES;
				COPY_PHASE_STRIP = NO;
				DEBUG_INFORMATION_FORMAT = "dwarf-with-dsym";
				ENABLE_NS_ASSERTIONS = NO;
				ENABLE_STRICT_OBJC_MSGSEND = YES;
				GCC_C_LANGUAGE_STANDARD = gnu11;
				GCC_NO_COMMON_BLOCKS = YES;
				GCC_WARN_64_TO_32_BIT_CONVERSION = YES;
				GCC_WARN_ABOUT_RETURN_TYPE = YES_ERROR;
				GCC_WARN_UNDECLARED_SELECTOR = YES;
				GCC_WARN_UNINITIALIZED_AUTOS = YES_AGGRESSIVE;
				GCC_WARN_UNUSED_FUNCTION = YES;
				GCC_WARN_UNUSED_VARIABLE = YES;
				IPHONEOS_DEPLOYMENT_TARGET = 13.2;
				MTL_ENABLE_DEBUG_INFO = NO;
				MTL_FAST_MATH = YES;
				SDKROOT = iphoneos;
				VALIDATE_PRODUCT = YES;
			};
			name = Release;
		};
		517D67E025A1F5D700AD2CEB /* Debug */ = {
			isa = XCBuildConfiguration;
			buildSettings = {
				ASSETCATALOG_COMPILER_APPICON_NAME = AppIcon;
				CODE_SIGN_STYLE = Automatic;
				DEVELOPMENT_TEAM = D8Y5E9ZUX3;
				INFOPLIST_FILE = HGRunloop/Info.plist;
				LD_RUNPATH_SEARCH_PATHS = (
					"$(inherited)",
					"@executable_path/Frameworks",
				);
				PRODUCT_BUNDLE_IDENTIFIER = com.runloophg.app.HGRunloop;
				PRODUCT_NAME = "$(TARGET_NAME)";
				TARGETED_DEVICE_FAMILY = "1,2";
			};
			name = Debug;
		};
		517D67E125A1F5D700AD2CEB /* Release */ = {
			isa = XCBuildConfiguration;
			buildSettings = {
				ASSETCATALOG_COMPILER_APPICON_NAME = AppIcon;
				CODE_SIGN_STYLE = Automatic;
				DEVELOPMENT_TEAM = D8Y5E9ZUX3;
				INFOPLIST_FILE = HGRunloop/Info.plist;
				LD_RUNPATH_SEARCH_PATHS = (
					"$(inherited)",
					"@executable_path/Frameworks",
				);
				PRODUCT_BUNDLE_IDENTIFIER = com.runloophg.app.HGRunloop;
				PRODUCT_NAME = "$(TARGET_NAME)";
				TARGETED_DEVICE_FAMILY = "1,2";
			};
			name = Release;
		};
/* End XCBuildConfiguration section */

/* Begin XCConfigurationList section */
		517D67C125A1F5D700AD2CEB /* Build configuration list for PBXProject "HGRunloop" */ = {
			isa = XCConfigurationList;
			buildConfigurations = (
				517D67DD25A1F5D700AD2CEB /* Debug */,
				517D67DE25A1F5D700AD2CEB /* Release */,
			);
			defaultConfigurationIsVisible = 0;
			defaultConfigurationName = Release;
		};
		517D67DF25A1F5D700AD2CEB /* Build configuration list for PBXNativeTarget "HGRunloop" */ = {
			isa = XCConfigurationList;
			buildConfigurations = (
				517D67E025A1F5D700AD2CEB /* Debug */,
				517D67E125A1F5D700AD2CEB /* Release */,
			);
			defaultConfigurationIsVisible = 0;
			defaultConfigurationName = Release;
		};
/* End XCConfigurationList section */
	};
	rootObject = 517D67BE25A1F5D700AD2CEB /* Project object */;
}
